// !$*UTF8*$!
{
	archiveVersion = 1;
	classes = {
	};
	objectVersion = 55;
	objects = {

/* Begin PBXBuildFile section */
		5391BF9A28AD018C00098A57 /* FavoriteButton.swift in Sources */ = {isa = PBXBuildFile; fileRef = 5391BF9928AD018C00098A57 /* FavoriteButton.swift */; };
		5391BF9E28AD204F00098A57 /* HexagonParameters.swift in Sources */ = {isa = PBXBuildFile; fileRef = 5391BF9D28AD204F00098A57 /* HexagonParameters.swift */; };
		5391BFA028AD22F700098A57 /* BadgeBackground.swift in Sources */ = {isa = PBXBuildFile; fileRef = 5391BF9F28AD22F700098A57 /* BadgeBackground.swift */; };
		5391BFA228AD256D00098A57 /* BadgeSymbol.swift in Sources */ = {isa = PBXBuildFile; fileRef = 5391BFA128AD256D00098A57 /* BadgeSymbol.swift */; };
		5391BFA428AD25FA00098A57 /* RotatedBadgeSymbol.swift in Sources */ = {isa = PBXBuildFile; fileRef = 5391BFA328AD25FA00098A57 /* RotatedBadgeSymbol.swift */; };
		5391BFA628AD263A00098A57 /* Badge.swift in Sources */ = {isa = PBXBuildFile; fileRef = 5391BFA528AD263A00098A57 /* Badge.swift */; };
		5391BFC928AE2A6B00098A57 /* Hike.swift in Sources */ = {isa = PBXBuildFile; fileRef = 5391BFC828AE2A6B00098A57 /* Hike.swift */; };
		5391BFE228AE2F2D00098A57 /* GraphCapsule.swift in Sources */ = {isa = PBXBuildFile; fileRef = 5391BFDE28AE2F2D00098A57 /* GraphCapsule.swift */; };
		5391BFE328AE2F2D00098A57 /* HikeGraph.swift in Sources */ = {isa = PBXBuildFile; fileRef = 5391BFDF28AE2F2D00098A57 /* HikeGraph.swift */; };
		5391BFE428AE2F2D00098A57 /* HikeDetail.swift in Sources */ = {isa = PBXBuildFile; fileRef = 5391BFE028AE2F2D00098A57 /* HikeDetail.swift */; };
		5391BFE528AE2F2D00098A57 /* HikeView.swift in Sources */ = {isa = PBXBuildFile; fileRef = 5391BFE128AE2F2D00098A57 /* HikeView.swift */; };
		5391BFE828AE3E4E00098A57 /* CategoryHome.swift in Sources */ = {isa = PBXBuildFile; fileRef = 5391BFE728AE3E4E00098A57 /* CategoryHome.swift */; };
		5391BFEA28AE471D00098A57 /* CategoryRow.swift in Sources */ = {isa = PBXBuildFile; fileRef = 5391BFE928AE471D00098A57 /* CategoryRow.swift */; };
		5391BFEC28AE49B800098A57 /* CategoryItem.swift in Sources */ = {isa = PBXBuildFile; fileRef = 5391BFEB28AE49B800098A57 /* CategoryItem.swift */; };
		5391BFF228AE75AA00098A57 /* hikeData.json in Resources */ = {isa = PBXBuildFile; fileRef = 5391BFF028AE75AA00098A57 /* hikeData.json */; };
		5391BFF328AE75AA00098A57 /* landmarkData.json in Resources */ = {isa = PBXBuildFile; fileRef = 5391BFF128AE75AA00098A57 /* landmarkData.json */; };
		5397413528AA3C3200835051 /* LandmarksApp.swift in Sources */ = {isa = PBXBuildFile; fileRef = 5397413428AA3C3200835051 /* LandmarksApp.swift */; };
		5397413728AA3C3200835051 /* ContentView.swift in Sources */ = {isa = PBXBuildFile; fileRef = 5397413628AA3C3200835051 /* ContentView.swift */; };
		5397413928AA3C3300835051 /* Assets.xcassets in Resources */ = {isa = PBXBuildFile; fileRef = 5397413828AA3C3300835051 /* Assets.xcassets */; };
		5397413C28AA3C3300835051 /* Preview Assets.xcassets in Resources */ = {isa = PBXBuildFile; fileRef = 5397413B28AA3C3300835051 /* Preview Assets.xcassets */; };
		53CF737628AB9A850041B945 /* CircleImage.swift in Sources */ = {isa = PBXBuildFile; fileRef = 53CF737528AB9A850041B945 /* CircleImage.swift */; };
		53CF737828AB9F280041B945 /* MapView.swift in Sources */ = {isa = PBXBuildFile; fileRef = 53CF737728AB9F280041B945 /* MapView.swift */; };
		53CF739728ABCFF80041B945 /* Landmark.swift in Sources */ = {isa = PBXBuildFile; fileRef = 53CF739628ABCFF80041B945 /* Landmark.swift */; };
		53CF739928ABD4A40041B945 /* ModelData.swift in Sources */ = {isa = PBXBuildFile; fileRef = 53CF739828ABD4A40041B945 /* ModelData.swift */; };
		53CF739D28ABD7F40041B945 /* LandmarkRow.swift in Sources */ = {isa = PBXBuildFile; fileRef = 53CF739C28ABD7F40041B945 /* LandmarkRow.swift */; };
		53CF739F28ABD9F20041B945 /* LandmarkList.swift in Sources */ = {isa = PBXBuildFile; fileRef = 53CF739E28ABD9F20041B945 /* LandmarkList.swift */; };
		53CF73A128ABDB570041B945 /* LandmarkDetail.swift in Sources */ = {isa = PBXBuildFile; fileRef = 53CF73A028ABDB570041B945 /* LandmarkDetail.swift */; };
/* End PBXBuildFile section */

/* Begin PBXFileReference section */
		5391BF9928AD018C00098A57 /* FavoriteButton.swift */ = {isa = PBXFileReference; lastKnownFileType = sourcecode.swift; path = FavoriteButton.swift; sourceTree = "<group>"; };
		5391BF9D28AD204F00098A57 /* HexagonParameters.swift */ = {isa = PBXFileReference; lastKnownFileType = sourcecode.swift; path = HexagonParameters.swift; sourceTree = "<group>"; };
		5391BF9F28AD22F700098A57 /* BadgeBackground.swift */ = {isa = PBXFileReference; lastKnownFileType = sourcecode.swift; path = BadgeBackground.swift; sourceTree = "<group>"; };
		5391BFA128AD256D00098A57 /* BadgeSymbol.swift */ = {isa = PBXFileReference; lastKnownFileType = sourcecode.swift; path = BadgeSymbol.swift; sourceTree = "<group>"; };
		5391BFA328AD25FA00098A57 /* RotatedBadgeSymbol.swift */ = {isa = PBXFileReference; lastKnownFileType = sourcecode.swift; path = RotatedBadgeSymbol.swift; sourceTree = "<group>"; };
		5391BFA528AD263A00098A57 /* Badge.swift */ = {isa = PBXFileReference; lastKnownFileType = sourcecode.swift; path = Badge.swift; sourceTree = "<group>"; };
		5391BFC828AE2A6B00098A57 /* Hike.swift */ = {isa = PBXFileReference; lastKnownFileType = sourcecode.swift; path = Hike.swift; sourceTree = "<group>"; };
		5391BFDE28AE2F2D00098A57 /* GraphCapsule.swift */ = {isa = PBXFileReference; fileEncoding = 4; lastKnownFileType = sourcecode.swift; path = GraphCapsule.swift; sourceTree = "<group>"; };
		5391BFDF28AE2F2D00098A57 /* HikeGraph.swift */ = {isa = PBXFileReference; fileEncoding = 4; lastKnownFileType = sourcecode.swift; path = HikeGraph.swift; sourceTree = "<group>"; };
		5391BFE028AE2F2D00098A57 /* HikeDetail.swift */ = {isa = PBXFileReference; fileEncoding = 4; lastKnownFileType = sourcecode.swift; path = HikeDetail.swift; sourceTree = "<group>"; };
		5391BFE128AE2F2D00098A57 /* HikeView.swift */ = {isa = PBXFileReference; fileEncoding = 4; lastKnownFileType = sourcecode.swift; path = HikeView.swift; sourceTree = "<group>"; };
		5391BFE728AE3E4E00098A57 /* CategoryHome.swift */ = {isa = PBXFileReference; lastKnownFileType = sourcecode.swift; path = CategoryHome.swift; sourceTree = "<group>"; };
		5391BFE928AE471D00098A57 /* CategoryRow.swift */ = {isa = PBXFileReference; lastKnownFileType = sourcecode.swift; path = CategoryRow.swift; sourceTree = "<group>"; };
		5391BFEB28AE49B800098A57 /* CategoryItem.swift */ = {isa = PBXFileReference; lastKnownFileType = sourcecode.swift; path = CategoryItem.swift; sourceTree = "<group>"; };
		5391BFF028AE75AA00098A57 /* hikeData.json */ = {isa = PBXFileReference; fileEncoding = 4; lastKnownFileType = text.json; path = hikeData.json; sourceTree = "<group>"; };
		5391BFF128AE75AA00098A57 /* landmarkData.json */ = {isa = PBXFileReference; fileEncoding = 4; lastKnownFileType = text.json; path = landmarkData.json; sourceTree = "<group>"; };
		5397413128AA3C3200835051 /* Landmarks.app */ = {isa = PBXFileReference; explicitFileType = wrapper.application; includeInIndex = 0; path = Landmarks.app; sourceTree = BUILT_PRODUCTS_DIR; };
		5397413428AA3C3200835051 /* LandmarksApp.swift */ = {isa = PBXFileReference; lastKnownFileType = sourcecode.swift; path = LandmarksApp.swift; sourceTree = "<group>"; };
		5397413628AA3C3200835051 /* ContentView.swift */ = {isa = PBXFileReference; lastKnownFileType = sourcecode.swift; path = ContentView.swift; sourceTree = "<group>"; };
		5397413828AA3C3300835051 /* Assets.xcassets */ = {isa = PBXFileReference; lastKnownFileType = folder.assetcatalog; path = Assets.xcassets; sourceTree = "<group>"; };
		5397413B28AA3C3300835051 /* Preview Assets.xcassets */ = {isa = PBXFileReference; lastKnownFileType = folder.assetcatalog; path = "Preview Assets.xcassets"; sourceTree = "<group>"; };
		53CF737528AB9A850041B945 /* CircleImage.swift */ = {isa = PBXFileReference; lastKnownFileType = sourcecode.swift; path = CircleImage.swift; sourceTree = "<group>"; };
		53CF737728AB9F280041B945 /* MapView.swift */ = {isa = PBXFileReference; lastKnownFileType = sourcecode.swift; path = MapView.swift; sourceTree = "<group>"; };
		53CF739628ABCFF80041B945 /* Landmark.swift */ = {isa = PBXFileReference; lastKnownFileType = sourcecode.swift; path = Landmark.swift; sourceTree = "<group>"; };
		53CF739828ABD4A40041B945 /* ModelData.swift */ = {isa = PBXFileReference; lastKnownFileType = sourcecode.swift; path = ModelData.swift; sourceTree = "<group>"; };
		53CF739C28ABD7F40041B945 /* LandmarkRow.swift */ = {isa = PBXFileReference; lastKnownFileType = sourcecode.swift; path = LandmarkRow.swift; sourceTree = "<group>"; };
		53CF739E28ABD9F20041B945 /* LandmarkList.swift */ = {isa = PBXFileReference; lastKnownFileType = sourcecode.swift; path = LandmarkList.swift; sourceTree = "<group>"; };
		53CF73A028ABDB570041B945 /* LandmarkDetail.swift */ = {isa = PBXFileReference; lastKnownFileType = sourcecode.swift; path = LandmarkDetail.swift; sourceTree = "<group>"; };
/* End PBXFileReference section */

/* Begin PBXFrameworksBuildPhase section */
		5397412E28AA3C3200835051 /* Frameworks */ = {
			isa = PBXFrameworksBuildPhase;
			buildActionMask = 2147483647;
			files = (
			);
			runOnlyForDeploymentPostprocessing = 0;
		};
/* End PBXFrameworksBuildPhase section */

/* Begin PBXGroup section */
		5391BF9B28AD02B600098A57 /* Landmarks */ = {
			isa = PBXGroup;
			children = (
				53CF739E28ABD9F20041B945 /* LandmarkList.swift */,
				53CF73A028ABDB570041B945 /* LandmarkDetail.swift */,
				53CF739C28ABD7F40041B945 /* LandmarkRow.swift */,
			);
			path = Landmarks;
			sourceTree = "<group>";
		};
		5391BF9C28AD02C000098A57 /* Helpers */ = {
			isa = PBXGroup;
			children = (
				53CF737528AB9A850041B945 /* CircleImage.swift */,
				53CF737728AB9F280041B945 /* MapView.swift */,
				5391BF9928AD018C00098A57 /* FavoriteButton.swift */,
			);
			path = Helpers;
			sourceTree = "<group>";
		};
		5391BFA728AD26D300098A57 /* Badges */ = {
			isa = PBXGroup;
			children = (
				5391BF9D28AD204F00098A57 /* HexagonParameters.swift */,
				5391BF9F28AD22F700098A57 /* BadgeBackground.swift */,
				5391BFA128AD256D00098A57 /* BadgeSymbol.swift */,
				5391BFA328AD25FA00098A57 /* RotatedBadgeSymbol.swift */,
				5391BFA528AD263A00098A57 /* Badge.swift */,
			);
			path = Badges;
			sourceTree = "<group>";
		};
		5391BFDD28AE2F2D00098A57 /* Hikes */ = {
			isa = PBXGroup;
			children = (
				5391BFDE28AE2F2D00098A57 /* GraphCapsule.swift */,
				5391BFDF28AE2F2D00098A57 /* HikeGraph.swift */,
				5391BFE028AE2F2D00098A57 /* HikeDetail.swift */,
				5391BFE128AE2F2D00098A57 /* HikeView.swift */,
			);
			path = Hikes;
			sourceTree = "<group>";
		};
		5391BFE628AE3D5900098A57 /* CategoryHome */ = {
			isa = PBXGroup;
			children = (
				5391BFE728AE3E4E00098A57 /* CategoryHome.swift */,
				5391BFE928AE471D00098A57 /* CategoryRow.swift */,
				5391BFEB28AE49B800098A57 /* CategoryItem.swift */,
			);
			path = CategoryHome;
			sourceTree = "<group>";
		};
		5391BFEF28AE75AA00098A57 /* Resources */ = {
			isa = PBXGroup;
			children = (
				5391BFF028AE75AA00098A57 /* hikeData.json */,
				5391BFF128AE75AA00098A57 /* landmarkData.json */,
			);
			path = Resources;
			sourceTree = "<group>";
		};
		5397412828AA3C3200835051 = {
			isa = PBXGroup;
			children = (
				5397413328AA3C3200835051 /* Landmarks */,
				5397413228AA3C3200835051 /* Products */,
			);
			sourceTree = "<group>";
		};
		5397413228AA3C3200835051 /* Products */ = {
			isa = PBXGroup;
			children = (
				5397413128AA3C3200835051 /* Landmarks.app */,
			);
			name = Products;
			sourceTree = "<group>";
		};
		5397413328AA3C3200835051 /* Landmarks */ = {
			isa = PBXGroup;
			children = (
				5397413428AA3C3200835051 /* LandmarksApp.swift */,
				53CF739A28ABD7720041B945 /* Views */,
				53CF739B28ABD77B0041B945 /* Model */,
				5397413828AA3C3300835051 /* Assets.xcassets */,
				5391BFEF28AE75AA00098A57 /* Resources */,
				5397413A28AA3C3300835051 /* Preview Content */,
			);
			path = Landmarks;
			sourceTree = "<group>";
		};
		5397413A28AA3C3300835051 /* Preview Content */ = {
			isa = PBXGroup;
			children = (
				5397413B28AA3C3300835051 /* Preview Assets.xcassets */,
			);
			path = "Preview Content";
			sourceTree = "<group>";
		};
		53CF739A28ABD7720041B945 /* Views */ = {
			isa = PBXGroup;
			children = (
				5397413628AA3C3200835051 /* ContentView.swift */,
				5391BFE628AE3D5900098A57 /* CategoryHome */,
				5391BFDD28AE2F2D00098A57 /* Hikes */,
				5391BF9C28AD02C000098A57 /* Helpers */,
				5391BF9B28AD02B600098A57 /* Landmarks */,
				5391BFA728AD26D300098A57 /* Badges */,
			);
			path = Views;
			sourceTree = "<group>";
		};
		53CF739B28ABD77B0041B945 /* Model */ = {
			isa = PBXGroup;
			children = (
				5391BFC828AE2A6B00098A57 /* Hike.swift */,
				53CF739628ABCFF80041B945 /* Landmark.swift */,
				53CF739828ABD4A40041B945 /* ModelData.swift */,
			);
			path = Model;
			sourceTree = "<group>";
		};
/* End PBXGroup section */

/* Begin PBXNativeTarget section */
		5397413028AA3C3200835051 /* Landmarks */ = {
			isa = PBXNativeTarget;
			buildConfigurationList = 5397413F28AA3C3300835051 /* Build configuration list for PBXNativeTarget "Landmarks" */;
			buildPhases = (
				5397412D28AA3C3200835051 /* Sources */,
				5397412E28AA3C3200835051 /* Frameworks */,
				5397412F28AA3C3200835051 /* Resources */,
			);
			buildRules = (
			);
			dependencies = (
			);
			name = Landmarks;
			productName = Landmarks;
			productReference = 5397413128AA3C3200835051 /* Landmarks.app */;
			productType = "com.apple.product-type.application";
		};
/* End PBXNativeTarget section */

/* Begin PBXProject section */
		5397412928AA3C3200835051 /* Project object */ = {
			isa = PBXProject;
			attributes = {
				BuildIndependentTargetsInParallel = 1;
				LastSwiftUpdateCheck = 1320;
				LastUpgradeCheck = 1320;
				TargetAttributes = {
					5397413028AA3C3200835051 = {
						CreatedOnToolsVersion = 13.2.1;
					};
				};
			};
			buildConfigurationList = 5397412C28AA3C3200835051 /* Build configuration list for PBXProject "Landmarks" */;
			compatibilityVersion = "Xcode 13.0";
			developmentRegion = en;
			hasScannedForEncodings = 0;
			knownRegions = (
				en,
				Base,
			);
			mainGroup = 5397412828AA3C3200835051;
			productRefGroup = 5397413228AA3C3200835051 /* Products */;
			projectDirPath = "";
			projectRoot = "";
			targets = (
				5397413028AA3C3200835051 /* Landmarks */,
			);
		};
/* End PBXProject section */

/* Begin PBXResourcesBuildPhase section */
		5397412F28AA3C3200835051 /* Resources */ = {
			isa = PBXResourcesBuildPhase;
			buildActionMask = 2147483647;
			files = (
				5397413C28AA3C3300835051 /* Preview Assets.xcassets in Resources */,
				5391BFF328AE75AA00098A57 /* landmarkData.json in Resources */,
				5391BFF228AE75AA00098A57 /* hikeData.json in Resources */,
				5397413928AA3C3300835051 /* Assets.xcassets in Resources */,
			);
			runOnlyForDeploymentPostprocessing = 0;
		};
/* End PBXResourcesBuildPhase section */

/* Begin PBXSourcesBuildPhase section */
		5397412D28AA3C3200835051 /* Sources */ = {
			isa = PBXSourcesBuildPhase;
			buildActionMask = 2147483647;
			files = (
				5391BFEA28AE471D00098A57 /* CategoryRow.swift in Sources */,
				5397413728AA3C3200835051 /* ContentView.swift in Sources */,
				5391BFE828AE3E4E00098A57 /* CategoryHome.swift in Sources */,
				5391BFE328AE2F2D00098A57 /* HikeGraph.swift in Sources */,
				5391BFA628AD263A00098A57 /* Badge.swift in Sources */,
				53CF73A128ABDB570041B945 /* LandmarkDetail.swift in Sources */,
				5391BFE228AE2F2D00098A57 /* GraphCapsule.swift in Sources */,
				53CF737828AB9F280041B945 /* MapView.swift in Sources */,
				5391BF9A28AD018C00098A57 /* FavoriteButton.swift in Sources */,
				5391BFEC28AE49B800098A57 /* CategoryItem.swift in Sources */,
				5391BFE428AE2F2D00098A57 /* HikeDetail.swift in Sources */,
				5391BF9E28AD204F00098A57 /* HexagonParameters.swift in Sources */,
				5391BFA428AD25FA00098A57 /* RotatedBadgeSymbol.swift in Sources */,
				5391BFC928AE2A6B00098A57 /* Hike.swift in Sources */,
				5391BFA228AD256D00098A57 /* BadgeSymbol.swift in Sources */,
				5397413528AA3C3200835051 /* LandmarksApp.swift in Sources */,
				5391BFE528AE2F2D00098A57 /* HikeView.swift in Sources */,
				53CF739F28ABD9F20041B945 /* LandmarkList.swift in Sources */,
				5391BFA028AD22F700098A57 /* BadgeBackground.swift in Sources */,
				53CF737628AB9A850041B945 /* CircleImage.swift in Sources */,
				53CF739728ABCFF80041B945 /* Landmark.swift in Sources */,
				53CF739D28ABD7F40041B945 /* LandmarkRow.swift in Sources */,
				53CF739928ABD4A40041B945 /* ModelData.swift in Sources */,
			);
			runOnlyForDeploymentPostprocessing = 0;
		};
/* End PBXSourcesBuildPhase section */

/* Begin XCBuildConfiguration section */
		5397413D28AA3C3300835051 /* Debug */ = {
			isa = XCBuildConfiguration;
			buildSettings = {
				ALWAYS_SEARCH_USER_PATHS = NO;
				CLANG_ANALYZER_NONNULL = YES;
				CLANG_ANALYZER_NUMBER_OBJECT_CONVERSION = YES_AGGRESSIVE;
				CLANG_CXX_LANGUAGE_STANDARD = "gnu++17";
				CLANG_CXX_LIBRARY = "libc++";
				CLANG_ENABLE_MODULES = YES;
				CLANG_ENABLE_OBJC_ARC = YES;
				CLANG_ENABLE_OBJC_WEAK = YES;
				CLANG_WARN_BLOCK_CAPTURE_AUTORELEASING = YES;
				CLANG_WARN_BOOL_CONVERSION = YES;
				CLANG_WARN_COMMA = YES;
				CLANG_WARN_CONSTANT_CONVERSION = YES;
				CLANG_WARN_DEPRECATED_OBJC_IMPLEMENTATIONS = YES;
				CLANG_WARN_DIRECT_OBJC_ISA_USAGE = YES_ERROR;
				CLANG_WARN_DOCUMENTATION_COMMENTS = YES;
				CLANG_WARN_EMPTY_BODY = YES;
				CLANG_WARN_ENUM_CONVERSION = YES;
				CLANG_WARN_INFINITE_RECURSION = YES;
				CLANG_WARN_INT_CONVERSION = YES;
				CLANG_WARN_NON_LITERAL_NULL_CONVERSION = YES;
				CLANG_WARN_OBJC_IMPLICIT_RETAIN_SELF = YES;
				CLANG_WARN_OBJC_LITERAL_CONVERSION = YES;
				CLANG_WARN_OBJC_ROOT_CLASS = YES_ERROR;
				CLANG_WARN_QUOTED_INCLUDE_IN_FRAMEWORK_HEADER = YES;
				CLANG_WARN_RANGE_LOOP_ANALYSIS = YES;
				CLANG_WARN_STRICT_PROTOTYPES = YES;
				CLANG_WARN_SUSPICIOUS_MOVE = YES;
				CLANG_WARN_UNGUARDED_AVAILABILITY = YES_AGGRESSIVE;
				CLANG_WARN_UNREACHABLE_CODE = YES;
				CLANG_WARN__DUPLICATE_METHOD_MATCH = YES;
				COPY_PHASE_STRIP = NO;
				DEBUG_INFORMATION_FORMAT = dwarf;
				ENABLE_STRICT_OBJC_MSGSEND = YES;
				ENABLE_TESTABILITY = YES;
				GCC_C_LANGUAGE_STANDARD = gnu11;
				GCC_DYNAMIC_NO_PIC = NO;
				GCC_NO_COMMON_BLOCKS = YES;
				GCC_OPTIMIZATION_LEVEL = 0;
				GCC_PREPROCESSOR_DEFINITIONS = (
					"DEBUG=1",
					"$(inherited)",
				);
				GCC_WARN_64_TO_32_BIT_CONVERSION = YES;
				GCC_WARN_ABOUT_RETURN_TYPE = YES_ERROR;
				GCC_WARN_UNDECLARED_SELECTOR = YES;
				GCC_WARN_UNINITIALIZED_AUTOS = YES_AGGRESSIVE;
				GCC_WARN_UNUSED_FUNCTION = YES;
				GCC_WARN_UNUSED_VARIABLE = YES;
				IPHONEOS_DEPLOYMENT_TARGET = 15.2;
				MTL_ENABLE_DEBUG_INFO = INCLUDE_SOURCE;
				MTL_FAST_MATH = YES;
				ONLY_ACTIVE_ARCH = YES;
				SDKROOT = iphoneos;
				SWIFT_ACTIVE_COMPILATION_CONDITIONS = DEBUG;
				SWIFT_OPTIMIZATION_LEVEL = "-Onone";
			};
			name = Debug;
		};
		5397413E28AA3C3300835051 /* Release */ = {
			isa = XCBuildConfiguration;
			buildSettings = {
				ALWAYS_SEARCH_USER_PATHS = NO;
				CLANG_ANALYZER_NONNULL = YES;
				CLANG_ANALYZER_NUMBER_OBJECT_CONVERSION = YES_AGGRESSIVE;
				CLANG_CXX_LANGUAGE_STANDARD = "gnu++17";
				CLANG_CXX_LIBRARY = "libc++";
				CLANG_ENABLE_MODULES = YES;
				CLANG_ENABLE_OBJC_ARC = YES;
				CLANG_ENABLE_OBJC_WEAK = YES;
				CLANG_WARN_BLOCK_CAPTURE_AUTORELEASING = YES;
				CLANG_WARN_BOOL_CONVERSION = YES;
				CLANG_WARN_COMMA = YES;
				CLANG_WARN_CONSTANT_CONVERSION = YES;
				CLANG_WARN_DEPRECATED_OBJC_IMPLEMENTATIONS = YES;
				CLANG_WARN_DIRECT_OBJC_ISA_USAGE = YES_ERROR;
				CLANG_WARN_DOCUMENTATION_COMMENTS = YES;
				CLANG_WARN_EMPTY_BODY = YES;
				CLANG_WARN_ENUM_CONVERSION = YES;
				CLANG_WARN_INFINITE_RECURSION = YES;
				CLANG_WARN_INT_CONVERSION = YES;
				CLANG_WARN_NON_LITERAL_NULL_CONVERSION = YES;
				CLANG_WARN_OBJC_IMPLICIT_RETAIN_SELF = YES;
				CLANG_WARN_OBJC_LITERAL_CONVERSION = YES;
				CLANG_WARN_OBJC_ROOT_CLASS = YES_ERROR;
				CLANG_WARN_QUOTED_INCLUDE_IN_FRAMEWORK_HEADER = YES;
				CLANG_WARN_RANGE_LOOP_ANALYSIS = YES;
				CLANG_WARN_STRICT_PROTOTYPES = YES;
				CLANG_WARN_SUSPICIOUS_MOVE = YES;
				CLANG_WARN_UNGUARDED_AVAILABILITY = YES_AGGRESSIVE;
				CLANG_WARN_UNREACHABLE_CODE = YES;
				CLANG_WARN__DUPLICATE_METHOD_MATCH = YES;
				COPY_PHASE_STRIP = NO;
				DEBUG_INFORMATION_FORMAT = "dwarf-with-dsym";
				ENABLE_NS_ASSERTIONS = NO;
				ENABLE_STRICT_OBJC_MSGSEND = YES;
				GCC_C_LANGUAGE_STANDARD = gnu11;
				GCC_NO_COMMON_BLOCKS = YES;
				GCC_WARN_64_TO_32_BIT_CONVERSION = YES;
				GCC_WARN_ABOUT_RETURN_TYPE = YES_ERROR;
				GCC_WARN_UNDECLARED_SELECTOR = YES;
				GCC_WARN_UNINITIALIZED_AUTOS = YES_AGGRESSIVE;
				GCC_WARN_UNUSED_FUNCTION = YES;
				GCC_WARN_UNUSED_VARIABLE = YES;
				IPHONEOS_DEPLOYMENT_TARGET = 15.2;
				MTL_ENABLE_DEBUG_INFO = NO;
				MTL_FAST_MATH = YES;
				SDKROOT = iphoneos;
				SWIFT_COMPILATION_MODE = wholemodule;
				SWIFT_OPTIMIZATION_LEVEL = "-O";
				VALIDATE_PRODUCT = YES;
			};
			name = Release;
		};
		5397414028AA3C3300835051 /* Debug */ = {
			isa = XCBuildConfiguration;
			buildSettings = {
				ASSETCATALOG_COMPILER_APPICON_NAME = AppIcon;
				ASSETCATALOG_COMPILER_GLOBAL_ACCENT_COLOR_NAME = AccentColor;
				CODE_SIGN_STYLE = Automatic;
				CURRENT_PROJECT_VERSION = 1;
				DEVELOPMENT_ASSET_PATHS = "\"Landmarks/Preview Content\"";
				DEVELOPMENT_TEAM = 79WK37N5M5;
				ENABLE_PREVIEWS = YES;
				GENERATE_INFOPLIST_FILE = YES;
				INFOPLIST_KEY_UIApplicationSceneManifest_Generation = YES;
				INFOPLIST_KEY_UIApplicationSupportsIndirectInputEvents = YES;
				INFOPLIST_KEY_UILaunchScreen_Generation = YES;
				INFOPLIST_KEY_UISupportedInterfaceOrientations_iPad = "UIInterfaceOrientationPortrait UIInterfaceOrientationPortraitUpsideDown UIInterfaceOrientationLandscapeLeft UIInterfaceOrientationLandscapeRight";
				INFOPLIST_KEY_UISupportedInterfaceOrientations_iPhone = "UIInterfaceOrientationPortrait UIInterfaceOrientationLandscapeLeft UIInterfaceOrientationLandscapeRight";
				LD_RUNPATH_SEARCH_PATHS = (
					"$(inherited)",
					"@executable_path/Frameworks",
				);
				MARKETING_VERSION = 1.0;
				PRODUCT_BUNDLE_IDENTIFIER = com.sunwoo.Landmarks;
				PRODUCT_NAME = "$(TARGET_NAME)";
				SWIFT_EMIT_LOC_STRINGS = YES;
				SWIFT_VERSION = 5.0;
				TARGETED_DEVICE_FAMILY = "1,2";
			};
			name = Debug;
		};
		5397414128AA3C3300835051 /* Release */ = {
			isa = XCBuildConfiguration;
			buildSettings = {
				ASSETCATALOG_COMPILER_APPICON_NAME = AppIcon;
				ASSETCATALOG_COMPILER_GLOBAL_ACCENT_COLOR_NAME = AccentColor;
				CODE_SIGN_STYLE = Automatic;
				CURRENT_PROJECT_VERSION = 1;
				DEVELOPMENT_ASSET_PATHS = "\"Landmarks/Preview Content\"";
				DEVELOPMENT_TEAM = 79WK37N5M5;
				ENABLE_PREVIEWS = YES;
				GENERATE_INFOPLIST_FILE = YES;
				INFOPLIST_KEY_UIApplicationSceneManifest_Generation = YES;
				INFOPLIST_KEY_UIApplicationSupportsIndirectInputEvents = YES;
				INFOPLIST_KEY_UILaunchScreen_Generation = YES;
				INFOPLIST_KEY_UISupportedInterfaceOrientations_iPad = "UIInterfaceOrientationPortrait UIInterfaceOrientationPortraitUpsideDown UIInterfaceOrientationLandscapeLeft UIInterfaceOrientationLandscapeRight";
				INFOPLIST_KEY_UISupportedInterfaceOrientations_iPhone = "UIInterfaceOrientationPortrait UIInterfaceOrientationLandscapeLeft UIInterfaceOrientationLandscapeRight";
				LD_RUNPATH_SEARCH_PATHS = (
					"$(inherited)",
					"@executable_path/Frameworks",
				);
				MARKETING_VERSION = 1.0;
				PRODUCT_BUNDLE_IDENTIFIER = com.sunwoo.Landmarks;
				PRODUCT_NAME = "$(TARGET_NAME)";
				SWIFT_EMIT_LOC_STRINGS = YES;
				SWIFT_VERSION = 5.0;
				TARGETED_DEVICE_FAMILY = "1,2";
			};
			name = Release;
		};
/* End XCBuildConfiguration section */

/* Begin XCConfigurationList section */
		5397412C28AA3C3200835051 /* Build configuration list for PBXProject "Landmarks" */ = {
			isa = XCConfigurationList;
			buildConfigurations = (
				5397413D28AA3C3300835051 /* Debug */,
				5397413E28AA3C3300835051 /* Release */,
			);
			defaultConfigurationIsVisible = 0;
			defaultConfigurationName = Release;
		};
		5397413F28AA3C3300835051 /* Build configuration list for PBXNativeTarget "Landmarks" */ = {
			isa = XCConfigurationList;
			buildConfigurations = (
				5397414028AA3C3300835051 /* Debug */,
				5397414128AA3C3300835051 /* Release */,
			);
			defaultConfigurationIsVisible = 0;
			defaultConfigurationName = Release;
		};
/* End XCConfigurationList section */
	};
	rootObject = 5397412928AA3C3200835051 /* Project object */;
}
